{
  "name": "screeps-arena-game-api-cpp",
  "version": "0.1.0",
  "lockfileVersion": 3,
  "requires": true,
  "packages": {
    "": {
      "name": "screeps-arena-game-api-cpp",
      "version": "0.1.0",
      "license": "MIT",
      "bin": {
        "arena-emsdk-setup": "scripts/setup-emsdk.sh",
        "arena-with-emsdk": "scripts/with-emsdk.sh"
      },
      "engines": {
        "node": ">=22.15"
      }
    }
  }
}
